{
  "requires": true,
  "lockfileVersion": 1,
  "dependencies": {
    "angular4-social-login": {
      "version": "1.1.1",
      "resolved": "https://registry.npmjs.org/angular4-social-login/-/angular4-social-login-1.1.1.tgz",
      "integrity": "sha512-lfMaYyG8Z5D6NtwXC4abV77BtF4gVMiXqzf7fqN19Rs76WP7P2avj9/H8nTb28m93WiWROEqEp/XKpKhAqDTqg=="
    },
    "angular5-social-login": {
      "version": "1.0.9",
      "resolved": "https://registry.npmjs.org/angular5-social-login/-/angular5-social-login-1.0.9.tgz",
      "integrity": "sha1-bkgI2og9onPFJhjezKjCJ0FY+r8="
    },
    "tether": {
      "version": "1.4.3",
      "resolved": "https://registry.npmjs.org/tether/-/tether-1.4.3.tgz",
      "integrity": "sha512-YCfE/Ym9MpZpzUmzbek7MiLEyTofxx2YS0rJfSOUXX0aZtfQgxcgw7/Re2oGJUsREWZtEF0DzBKCjqH+DzgL6A=="
    }
  }
}
